
Microsoft Visual Studio Solution File, Format Version 12.00
# Visual Studio Version 16
VisualStudioVersion = 16.0.30002.166
MinimumVisualStudioVersion = 10.0.40219.1
Project("{FAE04EC0-301F-11D3-BF4B-00C04F79EFBC}") = "LandingPage", "LandingPage\LandingPage.csproj", "{FFD5A4F9-3ABA-4666-8B1B-96352FA00C40}"
EndProject
Global
	GlobalSection(SolutionConfigurationPlatforms) = preSolution
		Debug|Any CPU = Debug|Any CPU
		Release|Any CPU = Release|Any CPU
	EndGlobalSection
	GlobalSection(ProjectConfigurationPlatforms) = postSolution
		{FFD5A4F9-3ABA-4666-8B1B-96352FA00C40}.Debug|Any CPU.ActiveCfg = Debug|Any CPU
		{FFD5A4F9-3ABA-4666-8B1B-96352FA00C40}.Debug|Any CPU.Build.0 = Debug|Any CPU
		{FFD5A4F9-3ABA-4666-8B1B-96352FA00C40}.Release|Any CPU.ActiveCfg = Release|Any CPU
		{FFD5A4F9-3ABA-4666-8B1B-96352FA00C40}.Release|Any CPU.Build.0 = Release|Any CPU
	EndGlobalSection
	GlobalSection(SolutionProperties) = preSolution
		HideSolutionNode = FALSE
	EndGlobalSection
	GlobalSection(ExtensibilityGlobals) = postSolution
		SolutionGuid = {609FB92E-8C8E-40E1-8117-1E46FC19C8CB}
	EndGlobalSection
EndGlobal
